
Microsoft Visual Studio Solution File, Format Version 12.00
# Visual Studio Version 16
VisualStudioVersion = 16.0.31205.134
MinimumVisualStudioVersion = 10.0.40219.1
Project("{FAE04EC0-301F-11D3-BF4B-00C04F79EFBC}") = "ThreadingDemo", "ThreadingDemo\ThreadingDemo.csproj", "{FB408D16-FCFA-49E1-B713-459562F99C17}"
EndProject
Global
	GlobalSection(SolutionConfigurationPlatforms) = preSolution
		Debug|Any CPU = Debug|Any CPU
		Release|Any CPU = Release|Any CPU
	EndGlobalSection
	GlobalSection(ProjectConfigurationPlatforms) = postSolution
		{FB408D16-FCFA-49E1-B713-459562F99C17}.Debug|Any CPU.ActiveCfg = Debug|Any CPU
		{FB408D16-FCFA-49E1-B713-459562F99C17}.Debug|Any CPU.Build.0 = Debug|Any CPU
		{FB408D16-FCFA-49E1-B713-459562F99C17}.Release|Any CPU.ActiveCfg = Release|Any CPU
		{FB408D16-FCFA-49E1-B713-459562F99C17}.Release|Any CPU.Build.0 = Release|Any CPU
	EndGlobalSection
	GlobalSection(SolutionProperties) = preSolution
		HideSolutionNode = FALSE
	EndGlobalSection
	GlobalSection(ExtensibilityGlobals) = postSolution
		SolutionGuid = {FFBEB94F-F6B5-4B89-B3EB-EE50F8050F1E}
	EndGlobalSection
EndGlobal
