
Microsoft Visual Studio Solution File, Format Version 12.00
# Visual Studio Version 16
VisualStudioVersion = 16.0.31205.134
MinimumVisualStudioVersion = 10.0.40219.1
Project("{FAE04EC0-301F-11D3-BF4B-00C04F79EFBC}") = "WebApplicationDemo", "WebApplicationDemo\WebApplicationDemo.csproj", "{516DFE12-B48C-4AEE-BABB-B6BF1F2F6E47}"
EndProject
Global
	GlobalSection(SolutionConfigurationPlatforms) = preSolution
		Debug|Any CPU = Debug|Any CPU
		Release|Any CPU = Release|Any CPU
	EndGlobalSection
	GlobalSection(ProjectConfigurationPlatforms) = postSolution
		{516DFE12-B48C-4AEE-BABB-B6BF1F2F6E47}.Debug|Any CPU.ActiveCfg = Debug|Any CPU
		{516DFE12-B48C-4AEE-BABB-B6BF1F2F6E47}.Debug|Any CPU.Build.0 = Debug|Any CPU
		{516DFE12-B48C-4AEE-BABB-B6BF1F2F6E47}.Release|Any CPU.ActiveCfg = Release|Any CPU
		{516DFE12-B48C-4AEE-BABB-B6BF1F2F6E47}.Release|Any CPU.Build.0 = Release|Any CPU
	EndGlobalSection
	GlobalSection(SolutionProperties) = preSolution
		HideSolutionNode = FALSE
	EndGlobalSection
	GlobalSection(ExtensibilityGlobals) = postSolution
		SolutionGuid = {35E5A749-D0DF-416E-A388-3F78FE9B9580}
	EndGlobalSection
EndGlobal
