
Microsoft Visual Studio Solution File, Format Version 12.00
# Visual Studio Version 16
VisualStudioVersion = 16.0.31205.134
MinimumVisualStudioVersion = 10.0.40219.1
Project("{FAE04EC0-301F-11D3-BF4B-00C04F79EFBC}") = "DemoRepository.Web", "DemoRepository\DemoRepository.Web.csproj", "{9EB2EC57-DA65-40DC-B045-B9E0B80AEA41}"
EndProject
Project("{FAE04EC0-301F-11D3-BF4B-00C04F79EFBC}") = "DemoRepository.DataAccess", "DemoRepository.DataAccess\DemoRepository.DataAccess.csproj", "{6FC426BC-B309-4816-A0B0-5099CEE3C5F6}"
EndProject
Project("{FAE04EC0-301F-11D3-BF4B-00C04F79EFBC}") = "DemoRepository.Util", "DemoRepository.Util\DemoRepository.Util.csproj", "{F7C4AC9C-700E-4477-B730-FD61D3DD08E7}"
EndProject
Project("{FAE04EC0-301F-11D3-BF4B-00C04F79EFBC}") = "DemoRepository.Models", "DemoRepository.Models\DemoRepository.Models.csproj", "{B2390088-FA86-4DF6-9CB7-288044232EBD}"
EndProject
Global
	GlobalSection(SolutionConfigurationPlatforms) = preSolution
		Debug|Any CPU = Debug|Any CPU
		Release|Any CPU = Release|Any CPU
	EndGlobalSection
	GlobalSection(ProjectConfigurationPlatforms) = postSolution
		{9EB2EC57-DA65-40DC-B045-B9E0B80AEA41}.Debug|Any CPU.ActiveCfg = Debug|Any CPU
		{9EB2EC57-DA65-40DC-B045-B9E0B80AEA41}.Debug|Any CPU.Build.0 = Debug|Any CPU
		{9EB2EC57-DA65-40DC-B045-B9E0B80AEA41}.Release|Any CPU.ActiveCfg = Release|Any CPU
		{9EB2EC57-DA65-40DC-B045-B9E0B80AEA41}.Release|Any CPU.Build.0 = Release|Any CPU
		{6FC426BC-B309-4816-A0B0-5099CEE3C5F6}.Debug|Any CPU.ActiveCfg = Debug|Any CPU
		{6FC426BC-B309-4816-A0B0-5099CEE3C5F6}.Debug|Any CPU.Build.0 = Debug|Any CPU
		{6FC426BC-B309-4816-A0B0-5099CEE3C5F6}.Release|Any CPU.ActiveCfg = Release|Any CPU
		{6FC426BC-B309-4816-A0B0-5099CEE3C5F6}.Release|Any CPU.Build.0 = Release|Any CPU
		{F7C4AC9C-700E-4477-B730-FD61D3DD08E7}.Debug|Any CPU.ActiveCfg = Debug|Any CPU
		{F7C4AC9C-700E-4477-B730-FD61D3DD08E7}.Debug|Any CPU.Build.0 = Debug|Any CPU
		{F7C4AC9C-700E-4477-B730-FD61D3DD08E7}.Release|Any CPU.ActiveCfg = Release|Any CPU
		{F7C4AC9C-700E-4477-B730-FD61D3DD08E7}.Release|Any CPU.Build.0 = Release|Any CPU
		{B2390088-FA86-4DF6-9CB7-288044232EBD}.Debug|Any CPU.ActiveCfg = Debug|Any CPU
		{B2390088-FA86-4DF6-9CB7-288044232EBD}.Debug|Any CPU.Build.0 = Debug|Any CPU
		{B2390088-FA86-4DF6-9CB7-288044232EBD}.Release|Any CPU.ActiveCfg = Release|Any CPU
		{B2390088-FA86-4DF6-9CB7-288044232EBD}.Release|Any CPU.Build.0 = Release|Any CPU
	EndGlobalSection
	GlobalSection(SolutionProperties) = preSolution
		HideSolutionNode = FALSE
	EndGlobalSection
	GlobalSection(ExtensibilityGlobals) = postSolution
		SolutionGuid = {E96B6C63-E8E5-4A2A-9D71-DAE2FA7A047E}
	EndGlobalSection
EndGlobal
